
Microsoft Visual Studio Solution File, Format Version 12.00
# Visual Studio 15
VisualStudioVersion = 15.0.28010.2016
MinimumVisualStudioVersion = 10.0.40219.1
Project("{00D1A9C2-B5F0-4AF3-8072-F6C62B433612}") = "imdb.SQL", "ML_IMDB\imdb.SQL.sqlproj", "{9F53A7DB-C9B5-4C43-B1AF-89A9EB439748}"
EndProject
Global
	GlobalSection(SolutionConfigurationPlatforms) = preSolution
		Debug|Any CPU = Debug|Any CPU
		Release|Any CPU = Release|Any CPU
	EndGlobalSection
	GlobalSection(ProjectConfigurationPlatforms) = postSolution
		{9F53A7DB-C9B5-4C43-B1AF-89A9EB439748}.Debug|Any CPU.ActiveCfg = Debug|Any CPU
		{9F53A7DB-C9B5-4C43-B1AF-89A9EB439748}.Debug|Any CPU.Build.0 = Debug|Any CPU
		{9F53A7DB-C9B5-4C43-B1AF-89A9EB439748}.Debug|Any CPU.Deploy.0 = Debug|Any CPU
		{9F53A7DB-C9B5-4C43-B1AF-89A9EB439748}.Release|Any CPU.ActiveCfg = Release|Any CPU
		{9F53A7DB-C9B5-4C43-B1AF-89A9EB439748}.Release|Any CPU.Build.0 = Release|Any CPU
		{9F53A7DB-C9B5-4C43-B1AF-89A9EB439748}.Release|Any CPU.Deploy.0 = Release|Any CPU
	EndGlobalSection
	GlobalSection(SolutionProperties) = preSolution
		HideSolutionNode = FALSE
	EndGlobalSection
	GlobalSection(ExtensibilityGlobals) = postSolution
		SolutionGuid = {AAC73546-1D8F-4525-A9DD-3338F37AC33A}
	EndGlobalSection
EndGlobal
